schema: '2.0'
stages:

  status:
    cmd: bash src/01_status.sh
    outs:
    - path: downloads/toxrefdb_status.html
      hash: md5
      md5: 942395219072d296e445639844cdaaeb
      size: 67917

  download:
    cmd: python3 src/02_download.py
    deps:
    - path: downloads/toxrefdb_status.html
      hash: md5
      md5: 942395219072d296e445639844cdaaeb
      size: 67917
    - path: src/02_download.py
      hash: md5
      md5: f03de80cb91888b86716207324a4ba5f
      size: 1345
    outs:
    - path: downloads/mysql_toxrefdb.sql
      hash: md5
      md5: ee7c873e7623247c11d86714469177f9
      size: 352425243

  build:
    cmd: bash src/03_build_sqlite.sh
    deps:
    - path: downloads/mysql_toxrefdb.sql
      hash: md5
      md5: ee7c873e7623247c11d86714469177f9
      size: 352425243
    - path: src/03_build_sqlite.sh
      hash: md5
      md5: 16a69bb344f8c7f6845f7f85a04da2c3
      size: 1370
    outs:
    - path: brick/toxrefdb.sqlite
      hash: md5
      md5: 8aba170eb7cd4df13d4b060f184157be
      size: 425697280
