schema: '2.0'
stages:

  status:
    cmd: bash src/01_status.sh
    outs:
    - path: download/toxrefdb_status.html
      hash: md5
      md5: 6b8946ed5b4ef6dcdcc9268afaf31fd6
      size: 67933
  download:
    cmd: python3 src/02_download.py
    deps:
    - path: download/toxrefdb_status.html
      hash: md5
      md5: 6b8946ed5b4ef6dcdcc9268afaf31fd6
      size: 67933
    - path: src/02_download.py
      hash: md5
      md5: c934bda75ebac23cc23111fd520637c8
      size: 1341
      isexec: true
    outs:
    - path: download/toxrefdb.dump
      hash: md5
      md5: dd3291f322e6cfbf7371e34b7fc9fc6e
      size: 62937530
  build:
    cmd: bash src/03_build_sqlite.sh
    deps:
    - path: download/toxrefdb.dump
      hash: md5
      md5: dd3291f322e6cfbf7371e34b7fc9fc6e
      size: 62937530
    - path: src/03_build_sqlite.sh
      hash: md5
      md5: 316be818359663f2307cf37d2a941532
      size: 2649
      isexec: true
    outs:
    - path: brick/toxrefdb.sqlite
      hash: md5
      md5: 6506c343d58abfdcd99567ec7a52eba0
      size: 318119936
